
Microsoft Visual Studio Solution File, Format Version 12.00
# Visual Studio Version 16
VisualStudioVersion = 16.0.31205.134
MinimumVisualStudioVersion = 10.0.40219.1
Project("{FAE04EC0-301F-11D3-BF4B-00C04F79EFBC}") = "mini", "mini.csproj", "{2846DF38-D9F0-4E23-BA5A-9F43E99678B1}"
EndProject
Global
	GlobalSection(SolutionConfigurationPlatforms) = preSolution
		Debug|Any CPU = Debug|Any CPU
		Release|Any CPU = Release|Any CPU
	EndGlobalSection
	GlobalSection(ProjectConfigurationPlatforms) = postSolution
		{2846DF38-D9F0-4E23-BA5A-9F43E99678B1}.Debug|Any CPU.ActiveCfg = Debug|Any CPU
		{2846DF38-D9F0-4E23-BA5A-9F43E99678B1}.Debug|Any CPU.Build.0 = Debug|Any CPU
		{2846DF38-D9F0-4E23-BA5A-9F43E99678B1}.Release|Any CPU.ActiveCfg = Release|Any CPU
		{2846DF38-D9F0-4E23-BA5A-9F43E99678B1}.Release|Any CPU.Build.0 = Release|Any CPU
	EndGlobalSection
	GlobalSection(SolutionProperties) = preSolution
		HideSolutionNode = FALSE
	EndGlobalSection
	GlobalSection(ExtensibilityGlobals) = postSolution
		SolutionGuid = {A2E79A85-7840-40A2-BD00-258419028809}
	EndGlobalSection
EndGlobal
